
Microsoft Visual Studio Solution File, Format Version 12.00
# Visual Studio Version 16
VisualStudioVersion = 16.0.29911.84
MinimumVisualStudioVersion = 10.0.40219.1
Project("{2150E333-8FDC-42A3-9474-1A3956D46DE8}") = "01_TypeSystem", "01_TypeSystem", "{3E3B8FF9-D498-4D0A-AAB6-C30FC61F51F6}"
EndProject
Project("{2150E333-8FDC-42A3-9474-1A3956D46DE8}") = "02_Operators", "02_Operators", "{5BB59AD3-0316-4800-A35B-CE7CEE5A27D1}"
EndProject
Project("{2150E333-8FDC-42A3-9474-1A3956D46DE8}") = "03_Collections", "03_Collections", "{9941CB7D-0A6F-4D9F-84FD-B13AA2B8D951}"
EndProject
Project("{2150E333-8FDC-42A3-9474-1A3956D46DE8}") = "04_Statements", "04_Statements", "{DA9A5CB8-94B7-4E27-8A6B-8FACBCC0E0AC}"
EndProject
Project("{2150E333-8FDC-42A3-9474-1A3956D46DE8}") = "05_OOP", "05_OOP", "{8D5C9398-F343-4140-AD76-DBA8B9673B56}"
EndProject
Project("{2150E333-8FDC-42A3-9474-1A3956D46DE8}") = "06_Methods", "06_Methods", "{50DDCE83-A716-4B85-A761-8F0BA4BB053B}"
EndProject
Project("{2150E333-8FDC-42A3-9474-1A3956D46DE8}") = "07_LINQ", "07_LINQ", "{27F982D4-D90C-4C70-8A63-457850A0000B}"
EndProject
Project("{2150E333-8FDC-42A3-9474-1A3956D46DE8}") = "01_TypesRecap", "01_TypesRecap", "{8F1479F4-FCA8-4B3A-92D2-BE6A59F53A7F}"
EndProject
Project("{2150E333-8FDC-42A3-9474-1A3956D46DE8}") = "02_ValueVsRefference", "02_ValueVsRefference", "{E5E914D8-1E1E-48BA-A2CE-6E13E90D85E9}"
EndProject
Project("{2150E333-8FDC-42A3-9474-1A3956D46DE8}") = "03_BoxingUnboxing", "03_BoxingUnboxing", "{A0EB78FB-0413-47CA-829B-B978BF4B3ED5}"
EndProject
Project("{2150E333-8FDC-42A3-9474-1A3956D46DE8}") = "04_TheVarKeywork", "04_TheVarKeywork", "{C25A37EA-1AF3-43B9-A11C-C8473B47C568}"
EndProject
Project("{2150E333-8FDC-42A3-9474-1A3956D46DE8}") = "05_Enums", "05_Enums", "{E2BA3CDD-0F78-4F35-9FDC-FAEF06DF798C}"
EndProject
Project("{2150E333-8FDC-42A3-9474-1A3956D46DE8}") = "06_Tuples", "06_Tuples", "{52DBEB2B-A0F8-40B4-8335-37770EC6C88B}"
EndProject
Project("{2150E333-8FDC-42A3-9474-1A3956D46DE8}") = "07_Generics", "07_Generics", "{AA3D8D6E-EAC2-43BB-A643-E437D72A50FB}"
EndProject
Project("{2150E333-8FDC-42A3-9474-1A3956D46DE8}") = "08_WorkingWithNulls", "08_WorkingWithNulls", "{FBC0522B-0610-4E29-A725-49C9772045FD}"
EndProject
Project("{2150E333-8FDC-42A3-9474-1A3956D46DE8}") = "01_OperatorsRecap", "01_OperatorsRecap", "{9459B487-44FC-4A70-A966-EFB1798E9072}"
EndProject
Project("{2150E333-8FDC-42A3-9474-1A3956D46DE8}") = "02_NewOperatorsForNulls", "02_NewOperatorsForNulls", "{E2EFEF65-3481-4258-BE49-F489B29BBBF5}"
EndProject
Project("{2150E333-8FDC-42A3-9474-1A3956D46DE8}") = "01_Null-conditional", "01_Null-conditional", "{94DF62EB-FADE-4B2B-A909-2413F8B02186}"
EndProject
Project("{2150E333-8FDC-42A3-9474-1A3956D46DE8}") = "02_Null-coalescing", "02_Null-coalescing", "{5E102102-480E-46D9-BC2D-2E885D0383D2}"
EndProject
Project("{2150E333-8FDC-42A3-9474-1A3956D46DE8}") = "03_Null-coalescing-assignment", "03_Null-coalescing-assignment", "{4734074B-909C-4972-961A-10C3650BC40D}"
EndProject
Project("{2150E333-8FDC-42A3-9474-1A3956D46DE8}") = "01_CollectionsRecap", "01_CollectionsRecap", "{61C4C15E-4331-46BB-8A47-29E105B1899F}"
EndProject
Project("{2150E333-8FDC-42A3-9474-1A3956D46DE8}") = "02_GenericCollections", "02_GenericCollections", "{5DEDC2A6-5A24-42B5-AE8A-EE7B6C271F0A}"
EndProject
Project("{2150E333-8FDC-42A3-9474-1A3956D46DE8}") = "03_CollectionInitializers", "03_CollectionInitializers", "{F510D2C7-170C-4A4A-80E8-497E49CBE0AB}"
EndProject
Project("{2150E333-8FDC-42A3-9474-1A3956D46DE8}") = "04_CommonlyUsedInterfaces", "04_CommonlyUsedInterfaces", "{A31DDF1D-C18E-4943-8FAB-BCD2849477B7}"
EndProject
Project("{2150E333-8FDC-42A3-9474-1A3956D46DE8}") = "01_IfElse", "01_IfElse", "{FBB157E0-2A5D-4029-A738-319C428DA0C2}"
EndProject
Project("{2150E333-8FDC-42A3-9474-1A3956D46DE8}") = "02_Loops", "02_Loops", "{221EB381-E832-4808-9927-2A12D166A636}"
EndProject
Project("{2150E333-8FDC-42A3-9474-1A3956D46DE8}") = "03_PatternMatching", "03_PatternMatching", "{B80D4802-537D-499E-B61B-A2F4004A3839}"
EndProject
Project("{2150E333-8FDC-42A3-9474-1A3956D46DE8}") = "01_OOP-recap", "01_OOP-recap", "{8E529CD1-ED9F-41C0-8F1A-1BFE655B4387}"
EndProject
Project("{2150E333-8FDC-42A3-9474-1A3956D46DE8}") = "02_Props", "02_Props", "{2D25AE5A-3C85-4A6E-8CE3-11E3E65F4128}"
EndProject
Project("{2150E333-8FDC-42A3-9474-1A3956D46DE8}") = "03_ObjectInitializers", "03_ObjectInitializers", "{6237D708-8E5A-445E-9BBC-ADE2260F9EEC}"
EndProject
Project("{2150E333-8FDC-42A3-9474-1A3956D46DE8}") = "04_AnonymousObjects", "04_AnonymousObjects", "{8C1C7D8F-6026-4158-B05C-EA1BA5A1ADF4}"
EndProject
Project("{2150E333-8FDC-42A3-9474-1A3956D46DE8}") = "05_DynamicObjects", "05_DynamicObjects", "{8279EF28-44B2-4281-8266-431EA4E9522A}"
EndProject
Project("{2150E333-8FDC-42A3-9474-1A3956D46DE8}") = "01_MethodsRecap", "01_MethodsRecap", "{4644AFB5-389E-4217-A131-5718298F5868}"
EndProject
Project("{2150E333-8FDC-42A3-9474-1A3956D46DE8}") = "02_WorkingWithParameters", "02_WorkingWithParameters", "{B8355037-D40A-4D00-BB8A-8E4BAA5C08CB}"
EndProject
Project("{2150E333-8FDC-42A3-9474-1A3956D46DE8}") = "03_ExtensionMethods", "03_ExtensionMethods", "{CFF774E4-67B3-4FE3-8CA5-992AE1A5B4F5}"
EndProject
Project("{2150E333-8FDC-42A3-9474-1A3956D46DE8}") = "04_LocalMethods", "04_LocalMethods", "{64425E53-C804-4F0B-A183-E46FCAFD85E4}"
EndProject
Project("{9A19103F-16F7-4668-BE54-9A1E7A4F7556}") = "TypesRecap_End", "01_TypeSystem\01_TypesRecap\TypesRecap_End\TypesRecap_End.csproj", "{433B9949-08AB-46CC-824B-7E6BF95FB682}"
EndProject
Project("{9A19103F-16F7-4668-BE54-9A1E7A4F7556}") = "ValueVsRef_End", "01_TypeSystem\02_ValueVsRefference\ValueVsRef_End\ValueVsRef_End.csproj", "{7A695FED-6411-41F4-B36D-F2E29C0A3C6A}"
EndProject
Project("{9A19103F-16F7-4668-BE54-9A1E7A4F7556}") = "BoxingUnboxing_End", "01_TypeSystem\03_BoxingUnboxing\BoxingUnboxing_End\BoxingUnboxing_End.csproj", "{84D3E617-0F4F-4417-A311-476011370D18}"
EndProject
Project("{9A19103F-16F7-4668-BE54-9A1E7A4F7556}") = "Enums_End", "01_TypeSystem\05_Enums\Enums_End\Enums_End.csproj", "{846E03E7-D216-4F46-8AF5-6E4B5E2B0B7B}"
EndProject
Project("{9A19103F-16F7-4668-BE54-9A1E7A4F7556}") = "VarKeyword_End", "01_TypeSystem\04_TheVarKeywork\VarKeyword_End\VarKeyword_End.csproj", "{57D5D5BB-0A25-498B-BC9F-4376A19B9530}"
EndProject
Project("{9A19103F-16F7-4668-BE54-9A1E7A4F7556}") = "Tuples_End", "01_TypeSystem\06_Tuples\Tuples_End\Tuples_End.csproj", "{7655E8E1-1BD0-4785-B9F0-594C0BEF1440}"
EndProject
Project("{9A19103F-16F7-4668-BE54-9A1E7A4F7556}") = "Generics_End", "01_TypeSystem\07_Generics\Generics_End\Generics_End.csproj", "{034B5B68-5051-415D-A4E0-57AE887C9C6E}"
EndProject
Project("{9A19103F-16F7-4668-BE54-9A1E7A4F7556}") = "WorkingWithNulls", "01_TypeSystem\08_WorkingWIthNulls\WorkingWithNulls\WorkingWithNulls.csproj", "{D8E0E590-BF89-430F-97EF-7301A794FB96}"
EndProject
Project("{9A19103F-16F7-4668-BE54-9A1E7A4F7556}") = "Operators_End", "02_Operators\01_OperatorsRecap\Operators_End\Operators_End.csproj", "{A22D0967-1D02-49C2-9591-DEFF81E6D940}"
EndProject
Project("{9A19103F-16F7-4668-BE54-9A1E7A4F7556}") = "Null-conditional_End", "02_Operators\02_NewOperatorsForNulls\01_Null-conditional\Null-conditional_End\Null-conditional_End.csproj", "{C28AEA79-3C2A-4E72-856C-BB21A3497BC4}"
EndProject
Project("{9A19103F-16F7-4668-BE54-9A1E7A4F7556}") = "Null-coalescing_End", "02_Operators\02_NewOperatorsForNulls\02_Null-coalescing\Null-coalescing_End\Null-coalescing_End.csproj", "{B441F8FB-B449-4588-AF0B-0838BC04FD33}"
EndProject
Project("{9A19103F-16F7-4668-BE54-9A1E7A4F7556}") = "Null-coalescing-assignment_End", "02_Operators\02_NewOperatorsForNulls\03_Null-coalescing-assignment\Null-coalescing-assignment_End\Null-coalescing-assignment_End.csproj", "{436AF2B1-6E56-471D-96EC-7E67813DCF43}"
EndProject
Project("{2150E333-8FDC-42A3-9474-1A3956D46DE8}") = "03_MemberAccessOperators", "03_MemberAccessOperators", "{3888FEFB-E80C-47B8-8541-5B89AF4601EA}"
EndProject
Project("{2150E333-8FDC-42A3-9474-1A3956D46DE8}") = "01_RangeOprator", "01_RangeOprator", "{86E5C184-9EA2-43CA-9AA2-960D1AAAFE05}"
EndProject
Project("{9A19103F-16F7-4668-BE54-9A1E7A4F7556}") = "RangeOperator_End", "02_Operators\03_MemberAccessOperators\01_RangeOperator\RangeOperator_End\RangeOperator_End.csproj", "{0DF9E05A-1968-476A-8A98-F14E9430F258}"
EndProject
Project("{2150E333-8FDC-42A3-9474-1A3956D46DE8}") = "02_RangeAndHatOperators", "02_RangeAndHatOperators", "{A197873D-C372-4F3E-A076-0DE116209A66}"
EndProject
Project("{9A19103F-16F7-4668-BE54-9A1E7A4F7556}") = "RangeAndHat_End", "02_Operators\03_MemberAccessOperators\02_RangeAndHatOperators\RangeAndHat_End\RangeAndHat_End.csproj", "{B81A1A8C-AD93-47E4-B677-055CDD3E52D4}"
EndProject
Project("{2150E333-8FDC-42A3-9474-1A3956D46DE8}") = "01_Arrays", "01_Arrays", "{09274445-29D5-4B65-94AD-96EC2C827BAC}"
EndProject
Project("{2150E333-8FDC-42A3-9474-1A3956D46DE8}") = "01_List", "01_List", "{36267E6B-AF65-43A7-9DED-B9985345039D}"
EndProject
Project("{2150E333-8FDC-42A3-9474-1A3956D46DE8}") = "02_Dictionary", "02_Dictionary", "{23FACB30-143F-4BC0-9A6C-1D1384B886A2}"
EndProject
Project("{9A19103F-16F7-4668-BE54-9A1E7A4F7556}") = "CollectionInitializers_After", "03_Collections\03_CollectionInitializers\CollectionInitializers_After\CollectionInitializers_After.csproj", "{6F6B0CAB-70BE-4A0D-91F6-46D96D05A4BE}"
EndProject
Project("{9A19103F-16F7-4668-BE54-9A1E7A4F7556}") = "IfElse_End", "04_Statements\01_IfElse\IfElse_End\IfElse_End.csproj", "{64DC836F-C706-4F7D-8D51-8992A0D47250}"
EndProject
Project("{9A19103F-16F7-4668-BE54-9A1E7A4F7556}") = "Loops_End", "04_Statements\02_Loops\Loops_End\Loops_End.csproj", "{F5480B17-B87D-4B2E-A2FB-C9833032A629}"
EndProject
Project("{9A19103F-16F7-4668-BE54-9A1E7A4F7556}") = "PatternMatching_End", "04_Statements\03_PatternMatching\PatternMatching_End\PatternMatching_End.csproj", "{05A4ED92-A4C6-4628-9594-AA1EC12F8FD4}"
EndProject
Project("{9A19103F-16F7-4668-BE54-9A1E7A4F7556}") = "OOPRecap_End", "05_OOP\01_OOP-recap\OOPRecap_End\OOPRecap_End.csproj", "{639A7D94-B2EF-4EFA-96D2-AA01B16341CE}"
EndProject
Project("{2150E333-8FDC-42A3-9474-1A3956D46DE8}") = "02_ArrayList", "02_ArrayList", "{C05A2312-BCFC-487F-979C-AB5107B387F8}"
EndProject
Project("{9A19103F-16F7-4668-BE54-9A1E7A4F7556}") = "Array_End", "03_Collections\01_CollectionsRecap\01_Array\Array_End\Array_End.csproj", "{8C49F4D2-DA95-4CBB-BE90-91BA6C689C21}"
EndProject
Project("{9A19103F-16F7-4668-BE54-9A1E7A4F7556}") = "ArrayList_End", "03_Collections\01_CollectionsRecap\02_ArrayList\ArrayList_End\ArrayList_End.csproj", "{B120CAF7-B49D-45B2-937E-518EE7AB5041}"
EndProject
Project("{9A19103F-16F7-4668-BE54-9A1E7A4F7556}") = "GenericList_End", "03_Collections\02_GenericCollections\01_List\GenericList_End\GenericList_End.csproj", "{AA7E79EF-40EA-4BA5-9936-053332C8EC13}"
EndProject
Project("{9A19103F-16F7-4668-BE54-9A1E7A4F7556}") = "Dictionary_End", "03_Collections\02_GenericCollections\02_Dictionary\Dictionary_End\Dictionary_End.csproj", "{1EE19F20-119C-4815-81B2-BCE57FF8F0D7}"
EndProject
Project("{9A19103F-16F7-4668-BE54-9A1E7A4F7556}") = "Props_End", "05_OOP\02_props\Props_End\Props_End.csproj", "{73129026-4CC3-4DA7-BFCA-877C05A99DFB}"
EndProject
Project("{9A19103F-16F7-4668-BE54-9A1E7A4F7556}") = "Anonymous_End", "05_OOP\03_AnonymousObjects\Anonymous_End\Anonymous_End.csproj", "{A4496423-A91E-4B73-94DD-B9A3C3A70584}"
EndProject
Project("{2150E333-8FDC-42A3-9474-1A3956D46DE8}") = "01_Basics", "01_Basics", "{A7F090F6-D3D0-4BD5-91CB-751B9D0BE14B}"
EndProject
Project("{2150E333-8FDC-42A3-9474-1A3956D46DE8}") = "02_UsingAnonymous", "02_UsingAnonymous", "{3E38F5AC-407A-4306-9EA0-DC7A73557233}"
EndProject
Project("{9A19103F-16F7-4668-BE54-9A1E7A4F7556}") = "LinqAnonymous_End", "07_LINQ\02_UsingAnonymous\LinqAnonymous_End\LinqAnonymous_End.csproj", "{62A426CC-76E4-4C0F-98CF-B295FA3DB9D5}"
EndProject
Project("{2150E333-8FDC-42A3-9474-1A3956D46DE8}") = "01_MethodOverloading", "01_MethodOverloading", "{3F8A8724-EAFC-4906-9365-584B7E9C155D}"
EndProject
Project("{2150E333-8FDC-42A3-9474-1A3956D46DE8}") = "02_ListParameters", "02_ListParameters", "{70557A5D-40DE-4C47-A232-3CC28178469C}"
EndProject
Project("{2150E333-8FDC-42A3-9474-1A3956D46DE8}") = "03_OptionalParameters", "03_OptionalParameters", "{F89C5881-A0E4-4F29-8F46-56F662EAA4C8}"
EndProject
Project("{2150E333-8FDC-42A3-9474-1A3956D46DE8}") = "04_NamedParameters", "04_NamedParameters", "{ED8B08C1-303C-477B-AFF2-67518CD0FA30}"
EndProject
Project("{2150E333-8FDC-42A3-9474-1A3956D46DE8}") = "01_Lambdas", "01_Lambdas", "{2BF3BCDB-DF92-44D0-875E-2148D39C2F8B}"
EndProject
Project("{FAE04EC0-301F-11D3-BF4B-00C04F79EFBC}") = "Lambdas_End", "07_LINQ\01_Basics\01_Lambdas\Lambdas_End\Lambdas_End.csproj", "{E1447566-52FF-4787-869A-53C2D8D047DC}"
EndProject
Project("{2150E333-8FDC-42A3-9474-1A3956D46DE8}") = "01_Ienumerable", "01_Ienumerable", "{9BEBFBED-6144-4C74-8FFD-392B9C511AF1}"
EndProject
Project("{FAE04EC0-301F-11D3-BF4B-00C04F79EFBC}") = "IEnumerable_End", "03_Collections\04_CommonlyUsedInterfaces\01_IEnumerable\IEnumerable_End\IEnumerable_End.csproj", "{249BEA25-70A9-41E8-965B-20EDEC23825A}"
EndProject
Project("{2150E333-8FDC-42A3-9474-1A3956D46DE8}") = "02_Ilist", "02_Ilist", "{D365196F-2DA1-4C79-8383-B4BC3760BEE8}"
EndProject
Project("{FAE04EC0-301F-11D3-BF4B-00C04F79EFBC}") = "IList_End", "03_Collections\04_CommonlyUsedInterfaces\02_IList\IList_End\IList_End.csproj", "{10F6BCC9-CE18-4F06-B1F3-DEF3F58BF93D}"
EndProject
Project("{2150E333-8FDC-42A3-9474-1A3956D46DE8}") = "03_IDictionary", "03_IDictionary", "{6C65774E-5B2B-4AD5-97A6-226FD67F0782}"
EndProject
Project("{FAE04EC0-301F-11D3-BF4B-00C04F79EFBC}") = "IDicionary_End", "03_Collections\04_CommonlyUsedInterfaces\03_IDicionary\IDicionary_End\IDicionary_End.csproj", "{F4D8D02C-08FF-45ED-B7D6-4EE7A6028912}"
EndProject
Project("{2150E333-8FDC-42A3-9474-1A3956D46DE8}") = "04_IQueryable", "04_IQueryable", "{64B3B7A9-A0A9-4C2E-B693-AA78D980386D}"
EndProject
Project("{FAE04EC0-301F-11D3-BF4B-00C04F79EFBC}") = "IQueriable_End", "03_Collections\04_CommonlyUsedInterfaces\04_IQueriable\IQueriable_End\IQueriable_End.csproj", "{968932DE-5C28-400C-9FCE-9107BB05FC7C}"
EndProject
Global
	GlobalSection(SolutionConfigurationPlatforms) = preSolution
		Debug|Any CPU = Debug|Any CPU
		Release|Any CPU = Release|Any CPU
	EndGlobalSection
	GlobalSection(ProjectConfigurationPlatforms) = postSolution
		{433B9949-08AB-46CC-824B-7E6BF95FB682}.Debug|Any CPU.ActiveCfg = Debug|Any CPU
		{433B9949-08AB-46CC-824B-7E6BF95FB682}.Debug|Any CPU.Build.0 = Debug|Any CPU
		{433B9949-08AB-46CC-824B-7E6BF95FB682}.Release|Any CPU.ActiveCfg = Release|Any CPU
		{433B9949-08AB-46CC-824B-7E6BF95FB682}.Release|Any CPU.Build.0 = Release|Any CPU
		{7A695FED-6411-41F4-B36D-F2E29C0A3C6A}.Debug|Any CPU.ActiveCfg = Debug|Any CPU
		{7A695FED-6411-41F4-B36D-F2E29C0A3C6A}.Debug|Any CPU.Build.0 = Debug|Any CPU
		{7A695FED-6411-41F4-B36D-F2E29C0A3C6A}.Release|Any CPU.ActiveCfg = Release|Any CPU
		{7A695FED-6411-41F4-B36D-F2E29C0A3C6A}.Release|Any CPU.Build.0 = Release|Any CPU
		{84D3E617-0F4F-4417-A311-476011370D18}.Debug|Any CPU.ActiveCfg = Debug|Any CPU
		{84D3E617-0F4F-4417-A311-476011370D18}.Debug|Any CPU.Build.0 = Debug|Any CPU
		{84D3E617-0F4F-4417-A311-476011370D18}.Release|Any CPU.ActiveCfg = Release|Any CPU
		{84D3E617-0F4F-4417-A311-476011370D18}.Release|Any CPU.Build.0 = Release|Any CPU
		{846E03E7-D216-4F46-8AF5-6E4B5E2B0B7B}.Debug|Any CPU.ActiveCfg = Debug|Any CPU
		{846E03E7-D216-4F46-8AF5-6E4B5E2B0B7B}.Debug|Any CPU.Build.0 = Debug|Any CPU
		{846E03E7-D216-4F46-8AF5-6E4B5E2B0B7B}.Release|Any CPU.ActiveCfg = Release|Any CPU
		{846E03E7-D216-4F46-8AF5-6E4B5E2B0B7B}.Release|Any CPU.Build.0 = Release|Any CPU
		{57D5D5BB-0A25-498B-BC9F-4376A19B9530}.Debug|Any CPU.ActiveCfg = Debug|Any CPU
		{57D5D5BB-0A25-498B-BC9F-4376A19B9530}.Debug|Any CPU.Build.0 = Debug|Any CPU
		{57D5D5BB-0A25-498B-BC9F-4376A19B9530}.Release|Any CPU.ActiveCfg = Release|Any CPU
		{57D5D5BB-0A25-498B-BC9F-4376A19B9530}.Release|Any CPU.Build.0 = Release|Any CPU
		{7655E8E1-1BD0-4785-B9F0-594C0BEF1440}.Debug|Any CPU.ActiveCfg = Debug|Any CPU
		{7655E8E1-1BD0-4785-B9F0-594C0BEF1440}.Debug|Any CPU.Build.0 = Debug|Any CPU
		{7655E8E1-1BD0-4785-B9F0-594C0BEF1440}.Release|Any CPU.ActiveCfg = Release|Any CPU
		{7655E8E1-1BD0-4785-B9F0-594C0BEF1440}.Release|Any CPU.Build.0 = Release|Any CPU
		{034B5B68-5051-415D-A4E0-57AE887C9C6E}.Debug|Any CPU.ActiveCfg = Debug|Any CPU
		{034B5B68-5051-415D-A4E0-57AE887C9C6E}.Debug|Any CPU.Build.0 = Debug|Any CPU
		{034B5B68-5051-415D-A4E0-57AE887C9C6E}.Release|Any CPU.ActiveCfg = Release|Any CPU
		{034B5B68-5051-415D-A4E0-57AE887C9C6E}.Release|Any CPU.Build.0 = Release|Any CPU
		{D8E0E590-BF89-430F-97EF-7301A794FB96}.Debug|Any CPU.ActiveCfg = Debug|Any CPU
		{D8E0E590-BF89-430F-97EF-7301A794FB96}.Debug|Any CPU.Build.0 = Debug|Any CPU
		{D8E0E590-BF89-430F-97EF-7301A794FB96}.Release|Any CPU.ActiveCfg = Release|Any CPU
		{D8E0E590-BF89-430F-97EF-7301A794FB96}.Release|Any CPU.Build.0 = Release|Any CPU
		{A22D0967-1D02-49C2-9591-DEFF81E6D940}.Debug|Any CPU.ActiveCfg = Debug|Any CPU
		{A22D0967-1D02-49C2-9591-DEFF81E6D940}.Debug|Any CPU.Build.0 = Debug|Any CPU
		{A22D0967-1D02-49C2-9591-DEFF81E6D940}.Release|Any CPU.ActiveCfg = Release|Any CPU
		{A22D0967-1D02-49C2-9591-DEFF81E6D940}.Release|Any CPU.Build.0 = Release|Any CPU
		{C28AEA79-3C2A-4E72-856C-BB21A3497BC4}.Debug|Any CPU.ActiveCfg = Debug|Any CPU
		{C28AEA79-3C2A-4E72-856C-BB21A3497BC4}.Debug|Any CPU.Build.0 = Debug|Any CPU
		{C28AEA79-3C2A-4E72-856C-BB21A3497BC4}.Release|Any CPU.ActiveCfg = Release|Any CPU
		{C28AEA79-3C2A-4E72-856C-BB21A3497BC4}.Release|Any CPU.Build.0 = Release|Any CPU
		{B441F8FB-B449-4588-AF0B-0838BC04FD33}.Debug|Any CPU.ActiveCfg = Debug|Any CPU
		{B441F8FB-B449-4588-AF0B-0838BC04FD33}.Debug|Any CPU.Build.0 = Debug|Any CPU
		{B441F8FB-B449-4588-AF0B-0838BC04FD33}.Release|Any CPU.ActiveCfg = Release|Any CPU
		{B441F8FB-B449-4588-AF0B-0838BC04FD33}.Release|Any CPU.Build.0 = Release|Any CPU
		{436AF2B1-6E56-471D-96EC-7E67813DCF43}.Debug|Any CPU.ActiveCfg = Debug|Any CPU
		{436AF2B1-6E56-471D-96EC-7E67813DCF43}.Debug|Any CPU.Build.0 = Debug|Any CPU
		{436AF2B1-6E56-471D-96EC-7E67813DCF43}.Release|Any CPU.ActiveCfg = Release|Any CPU
		{436AF2B1-6E56-471D-96EC-7E67813DCF43}.Release|Any CPU.Build.0 = Release|Any CPU
		{0DF9E05A-1968-476A-8A98-F14E9430F258}.Debug|Any CPU.ActiveCfg = Debug|Any CPU
		{0DF9E05A-1968-476A-8A98-F14E9430F258}.Debug|Any CPU.Build.0 = Debug|Any CPU
		{0DF9E05A-1968-476A-8A98-F14E9430F258}.Release|Any CPU.ActiveCfg = Release|Any CPU
		{0DF9E05A-1968-476A-8A98-F14E9430F258}.Release|Any CPU.Build.0 = Release|Any CPU
		{B81A1A8C-AD93-47E4-B677-055CDD3E52D4}.Debug|Any CPU.ActiveCfg = Debug|Any CPU
		{B81A1A8C-AD93-47E4-B677-055CDD3E52D4}.Debug|Any CPU.Build.0 = Debug|Any CPU
		{B81A1A8C-AD93-47E4-B677-055CDD3E52D4}.Release|Any CPU.ActiveCfg = Release|Any CPU
		{B81A1A8C-AD93-47E4-B677-055CDD3E52D4}.Release|Any CPU.Build.0 = Release|Any CPU
		{6F6B0CAB-70BE-4A0D-91F6-46D96D05A4BE}.Debug|Any CPU.ActiveCfg = Debug|Any CPU
		{6F6B0CAB-70BE-4A0D-91F6-46D96D05A4BE}.Debug|Any CPU.Build.0 = Debug|Any CPU
		{6F6B0CAB-70BE-4A0D-91F6-46D96D05A4BE}.Release|Any CPU.ActiveCfg = Release|Any CPU
		{6F6B0CAB-70BE-4A0D-91F6-46D96D05A4BE}.Release|Any CPU.Build.0 = Release|Any CPU
		{64DC836F-C706-4F7D-8D51-8992A0D47250}.Debug|Any CPU.ActiveCfg = Debug|Any CPU
		{64DC836F-C706-4F7D-8D51-8992A0D47250}.Debug|Any CPU.Build.0 = Debug|Any CPU
		{64DC836F-C706-4F7D-8D51-8992A0D47250}.Release|Any CPU.ActiveCfg = Release|Any CPU
		{64DC836F-C706-4F7D-8D51-8992A0D47250}.Release|Any CPU.Build.0 = Release|Any CPU
		{F5480B17-B87D-4B2E-A2FB-C9833032A629}.Debug|Any CPU.ActiveCfg = Debug|Any CPU
		{F5480B17-B87D-4B2E-A2FB-C9833032A629}.Debug|Any CPU.Build.0 = Debug|Any CPU
		{F5480B17-B87D-4B2E-A2FB-C9833032A629}.Release|Any CPU.ActiveCfg = Release|Any CPU
		{F5480B17-B87D-4B2E-A2FB-C9833032A629}.Release|Any CPU.Build.0 = Release|Any CPU
		{05A4ED92-A4C6-4628-9594-AA1EC12F8FD4}.Debug|Any CPU.ActiveCfg = Debug|Any CPU
		{05A4ED92-A4C6-4628-9594-AA1EC12F8FD4}.Debug|Any CPU.Build.0 = Debug|Any CPU
		{05A4ED92-A4C6-4628-9594-AA1EC12F8FD4}.Release|Any CPU.ActiveCfg = Release|Any CPU
		{05A4ED92-A4C6-4628-9594-AA1EC12F8FD4}.Release|Any CPU.Build.0 = Release|Any CPU
		{639A7D94-B2EF-4EFA-96D2-AA01B16341CE}.Debug|Any CPU.ActiveCfg = Debug|Any CPU
		{639A7D94-B2EF-4EFA-96D2-AA01B16341CE}.Debug|Any CPU.Build.0 = Debug|Any CPU
		{639A7D94-B2EF-4EFA-96D2-AA01B16341CE}.Release|Any CPU.ActiveCfg = Release|Any CPU
		{639A7D94-B2EF-4EFA-96D2-AA01B16341CE}.Release|Any CPU.Build.0 = Release|Any CPU
		{8C49F4D2-DA95-4CBB-BE90-91BA6C689C21}.Debug|Any CPU.ActiveCfg = Debug|Any CPU
		{8C49F4D2-DA95-4CBB-BE90-91BA6C689C21}.Debug|Any CPU.Build.0 = Debug|Any CPU
		{8C49F4D2-DA95-4CBB-BE90-91BA6C689C21}.Release|Any CPU.ActiveCfg = Release|Any CPU
		{8C49F4D2-DA95-4CBB-BE90-91BA6C689C21}.Release|Any CPU.Build.0 = Release|Any CPU
		{B120CAF7-B49D-45B2-937E-518EE7AB5041}.Debug|Any CPU.ActiveCfg = Debug|Any CPU
		{B120CAF7-B49D-45B2-937E-518EE7AB5041}.Debug|Any CPU.Build.0 = Debug|Any CPU
		{B120CAF7-B49D-45B2-937E-518EE7AB5041}.Release|Any CPU.ActiveCfg = Release|Any CPU
		{B120CAF7-B49D-45B2-937E-518EE7AB5041}.Release|Any CPU.Build.0 = Release|Any CPU
		{AA7E79EF-40EA-4BA5-9936-053332C8EC13}.Debug|Any CPU.ActiveCfg = Debug|Any CPU
		{AA7E79EF-40EA-4BA5-9936-053332C8EC13}.Debug|Any CPU.Build.0 = Debug|Any CPU
		{AA7E79EF-40EA-4BA5-9936-053332C8EC13}.Release|Any CPU.ActiveCfg = Release|Any CPU
		{AA7E79EF-40EA-4BA5-9936-053332C8EC13}.Release|Any CPU.Build.0 = Release|Any CPU
		{1EE19F20-119C-4815-81B2-BCE57FF8F0D7}.Debug|Any CPU.ActiveCfg = Debug|Any CPU
		{1EE19F20-119C-4815-81B2-BCE57FF8F0D7}.Debug|Any CPU.Build.0 = Debug|Any CPU
		{1EE19F20-119C-4815-81B2-BCE57FF8F0D7}.Release|Any CPU.ActiveCfg = Release|Any CPU
		{1EE19F20-119C-4815-81B2-BCE57FF8F0D7}.Release|Any CPU.Build.0 = Release|Any CPU
		{73129026-4CC3-4DA7-BFCA-877C05A99DFB}.Debug|Any CPU.ActiveCfg = Debug|Any CPU
		{73129026-4CC3-4DA7-BFCA-877C05A99DFB}.Debug|Any CPU.Build.0 = Debug|Any CPU
		{73129026-4CC3-4DA7-BFCA-877C05A99DFB}.Release|Any CPU.ActiveCfg = Release|Any CPU
		{73129026-4CC3-4DA7-BFCA-877C05A99DFB}.Release|Any CPU.Build.0 = Release|Any CPU
		{A4496423-A91E-4B73-94DD-B9A3C3A70584}.Debug|Any CPU.ActiveCfg = Debug|Any CPU
		{A4496423-A91E-4B73-94DD-B9A3C3A70584}.Debug|Any CPU.Build.0 = Debug|Any CPU
		{A4496423-A91E-4B73-94DD-B9A3C3A70584}.Release|Any CPU.ActiveCfg = Release|Any CPU
		{A4496423-A91E-4B73-94DD-B9A3C3A70584}.Release|Any CPU.Build.0 = Release|Any CPU
		{62A426CC-76E4-4C0F-98CF-B295FA3DB9D5}.Debug|Any CPU.ActiveCfg = Debug|Any CPU
		{62A426CC-76E4-4C0F-98CF-B295FA3DB9D5}.Debug|Any CPU.Build.0 = Debug|Any CPU
		{62A426CC-76E4-4C0F-98CF-B295FA3DB9D5}.Release|Any CPU.ActiveCfg = Release|Any CPU
		{62A426CC-76E4-4C0F-98CF-B295FA3DB9D5}.Release|Any CPU.Build.0 = Release|Any CPU
		{E1447566-52FF-4787-869A-53C2D8D047DC}.Debug|Any CPU.ActiveCfg = Debug|Any CPU
		{E1447566-52FF-4787-869A-53C2D8D047DC}.Debug|Any CPU.Build.0 = Debug|Any CPU
		{E1447566-52FF-4787-869A-53C2D8D047DC}.Release|Any CPU.ActiveCfg = Release|Any CPU
		{E1447566-52FF-4787-869A-53C2D8D047DC}.Release|Any CPU.Build.0 = Release|Any CPU
		{249BEA25-70A9-41E8-965B-20EDEC23825A}.Debug|Any CPU.ActiveCfg = Debug|Any CPU
		{249BEA25-70A9-41E8-965B-20EDEC23825A}.Debug|Any CPU.Build.0 = Debug|Any CPU
		{249BEA25-70A9-41E8-965B-20EDEC23825A}.Release|Any CPU.ActiveCfg = Release|Any CPU
		{249BEA25-70A9-41E8-965B-20EDEC23825A}.Release|Any CPU.Build.0 = Release|Any CPU
		{10F6BCC9-CE18-4F06-B1F3-DEF3F58BF93D}.Debug|Any CPU.ActiveCfg = Debug|Any CPU
		{10F6BCC9-CE18-4F06-B1F3-DEF3F58BF93D}.Debug|Any CPU.Build.0 = Debug|Any CPU
		{10F6BCC9-CE18-4F06-B1F3-DEF3F58BF93D}.Release|Any CPU.ActiveCfg = Release|Any CPU
		{10F6BCC9-CE18-4F06-B1F3-DEF3F58BF93D}.Release|Any CPU.Build.0 = Release|Any CPU
		{F4D8D02C-08FF-45ED-B7D6-4EE7A6028912}.Debug|Any CPU.ActiveCfg = Debug|Any CPU
		{F4D8D02C-08FF-45ED-B7D6-4EE7A6028912}.Debug|Any CPU.Build.0 = Debug|Any CPU
		{F4D8D02C-08FF-45ED-B7D6-4EE7A6028912}.Release|Any CPU.ActiveCfg = Release|Any CPU
		{F4D8D02C-08FF-45ED-B7D6-4EE7A6028912}.Release|Any CPU.Build.0 = Release|Any CPU
		{968932DE-5C28-400C-9FCE-9107BB05FC7C}.Debug|Any CPU.ActiveCfg = Debug|Any CPU
		{968932DE-5C28-400C-9FCE-9107BB05FC7C}.Debug|Any CPU.Build.0 = Debug|Any CPU
		{968932DE-5C28-400C-9FCE-9107BB05FC7C}.Release|Any CPU.ActiveCfg = Release|Any CPU
		{968932DE-5C28-400C-9FCE-9107BB05FC7C}.Release|Any CPU.Build.0 = Release|Any CPU
	EndGlobalSection
	GlobalSection(SolutionProperties) = preSolution
		HideSolutionNode = FALSE
	EndGlobalSection
	GlobalSection(NestedProjects) = preSolution
		{8F1479F4-FCA8-4B3A-92D2-BE6A59F53A7F} = {3E3B8FF9-D498-4D0A-AAB6-C30FC61F51F6}
		{E5E914D8-1E1E-48BA-A2CE-6E13E90D85E9} = {3E3B8FF9-D498-4D0A-AAB6-C30FC61F51F6}
		{A0EB78FB-0413-47CA-829B-B978BF4B3ED5} = {3E3B8FF9-D498-4D0A-AAB6-C30FC61F51F6}
		{C25A37EA-1AF3-43B9-A11C-C8473B47C568} = {3E3B8FF9-D498-4D0A-AAB6-C30FC61F51F6}
		{E2BA3CDD-0F78-4F35-9FDC-FAEF06DF798C} = {3E3B8FF9-D498-4D0A-AAB6-C30FC61F51F6}
		{52DBEB2B-A0F8-40B4-8335-37770EC6C88B} = {3E3B8FF9-D498-4D0A-AAB6-C30FC61F51F6}
		{AA3D8D6E-EAC2-43BB-A643-E437D72A50FB} = {3E3B8FF9-D498-4D0A-AAB6-C30FC61F51F6}
		{FBC0522B-0610-4E29-A725-49C9772045FD} = {3E3B8FF9-D498-4D0A-AAB6-C30FC61F51F6}
		{9459B487-44FC-4A70-A966-EFB1798E9072} = {5BB59AD3-0316-4800-A35B-CE7CEE5A27D1}
		{E2EFEF65-3481-4258-BE49-F489B29BBBF5} = {5BB59AD3-0316-4800-A35B-CE7CEE5A27D1}
		{94DF62EB-FADE-4B2B-A909-2413F8B02186} = {E2EFEF65-3481-4258-BE49-F489B29BBBF5}
		{5E102102-480E-46D9-BC2D-2E885D0383D2} = {E2EFEF65-3481-4258-BE49-F489B29BBBF5}
		{4734074B-909C-4972-961A-10C3650BC40D} = {E2EFEF65-3481-4258-BE49-F489B29BBBF5}
		{61C4C15E-4331-46BB-8A47-29E105B1899F} = {9941CB7D-0A6F-4D9F-84FD-B13AA2B8D951}
		{5DEDC2A6-5A24-42B5-AE8A-EE7B6C271F0A} = {9941CB7D-0A6F-4D9F-84FD-B13AA2B8D951}
		{F510D2C7-170C-4A4A-80E8-497E49CBE0AB} = {9941CB7D-0A6F-4D9F-84FD-B13AA2B8D951}
		{A31DDF1D-C18E-4943-8FAB-BCD2849477B7} = {9941CB7D-0A6F-4D9F-84FD-B13AA2B8D951}
		{FBB157E0-2A5D-4029-A738-319C428DA0C2} = {DA9A5CB8-94B7-4E27-8A6B-8FACBCC0E0AC}
		{221EB381-E832-4808-9927-2A12D166A636} = {DA9A5CB8-94B7-4E27-8A6B-8FACBCC0E0AC}
		{B80D4802-537D-499E-B61B-A2F4004A3839} = {DA9A5CB8-94B7-4E27-8A6B-8FACBCC0E0AC}
		{8E529CD1-ED9F-41C0-8F1A-1BFE655B4387} = {8D5C9398-F343-4140-AD76-DBA8B9673B56}
		{2D25AE5A-3C85-4A6E-8CE3-11E3E65F4128} = {8D5C9398-F343-4140-AD76-DBA8B9673B56}
		{6237D708-8E5A-445E-9BBC-ADE2260F9EEC} = {8D5C9398-F343-4140-AD76-DBA8B9673B56}
		{8C1C7D8F-6026-4158-B05C-EA1BA5A1ADF4} = {8D5C9398-F343-4140-AD76-DBA8B9673B56}
		{8279EF28-44B2-4281-8266-431EA4E9522A} = {8D5C9398-F343-4140-AD76-DBA8B9673B56}
		{4644AFB5-389E-4217-A131-5718298F5868} = {50DDCE83-A716-4B85-A761-8F0BA4BB053B}
		{B8355037-D40A-4D00-BB8A-8E4BAA5C08CB} = {50DDCE83-A716-4B85-A761-8F0BA4BB053B}
		{CFF774E4-67B3-4FE3-8CA5-992AE1A5B4F5} = {50DDCE83-A716-4B85-A761-8F0BA4BB053B}
		{64425E53-C804-4F0B-A183-E46FCAFD85E4} = {50DDCE83-A716-4B85-A761-8F0BA4BB053B}
		{433B9949-08AB-46CC-824B-7E6BF95FB682} = {8F1479F4-FCA8-4B3A-92D2-BE6A59F53A7F}
		{7A695FED-6411-41F4-B36D-F2E29C0A3C6A} = {E5E914D8-1E1E-48BA-A2CE-6E13E90D85E9}
		{84D3E617-0F4F-4417-A311-476011370D18} = {A0EB78FB-0413-47CA-829B-B978BF4B3ED5}
		{846E03E7-D216-4F46-8AF5-6E4B5E2B0B7B} = {E2BA3CDD-0F78-4F35-9FDC-FAEF06DF798C}
		{57D5D5BB-0A25-498B-BC9F-4376A19B9530} = {C25A37EA-1AF3-43B9-A11C-C8473B47C568}
		{7655E8E1-1BD0-4785-B9F0-594C0BEF1440} = {52DBEB2B-A0F8-40B4-8335-37770EC6C88B}
		{034B5B68-5051-415D-A4E0-57AE887C9C6E} = {AA3D8D6E-EAC2-43BB-A643-E437D72A50FB}
		{D8E0E590-BF89-430F-97EF-7301A794FB96} = {FBC0522B-0610-4E29-A725-49C9772045FD}
		{A22D0967-1D02-49C2-9591-DEFF81E6D940} = {9459B487-44FC-4A70-A966-EFB1798E9072}
		{C28AEA79-3C2A-4E72-856C-BB21A3497BC4} = {94DF62EB-FADE-4B2B-A909-2413F8B02186}
		{B441F8FB-B449-4588-AF0B-0838BC04FD33} = {5E102102-480E-46D9-BC2D-2E885D0383D2}
		{436AF2B1-6E56-471D-96EC-7E67813DCF43} = {4734074B-909C-4972-961A-10C3650BC40D}
		{3888FEFB-E80C-47B8-8541-5B89AF4601EA} = {5BB59AD3-0316-4800-A35B-CE7CEE5A27D1}
		{86E5C184-9EA2-43CA-9AA2-960D1AAAFE05} = {3888FEFB-E80C-47B8-8541-5B89AF4601EA}
		{0DF9E05A-1968-476A-8A98-F14E9430F258} = {86E5C184-9EA2-43CA-9AA2-960D1AAAFE05}
		{A197873D-C372-4F3E-A076-0DE116209A66} = {3888FEFB-E80C-47B8-8541-5B89AF4601EA}
		{B81A1A8C-AD93-47E4-B677-055CDD3E52D4} = {A197873D-C372-4F3E-A076-0DE116209A66}
		{09274445-29D5-4B65-94AD-96EC2C827BAC} = {61C4C15E-4331-46BB-8A47-29E105B1899F}
		{36267E6B-AF65-43A7-9DED-B9985345039D} = {5DEDC2A6-5A24-42B5-AE8A-EE7B6C271F0A}
		{23FACB30-143F-4BC0-9A6C-1D1384B886A2} = {5DEDC2A6-5A24-42B5-AE8A-EE7B6C271F0A}
		{6F6B0CAB-70BE-4A0D-91F6-46D96D05A4BE} = {F510D2C7-170C-4A4A-80E8-497E49CBE0AB}
		{64DC836F-C706-4F7D-8D51-8992A0D47250} = {FBB157E0-2A5D-4029-A738-319C428DA0C2}
		{F5480B17-B87D-4B2E-A2FB-C9833032A629} = {221EB381-E832-4808-9927-2A12D166A636}
		{05A4ED92-A4C6-4628-9594-AA1EC12F8FD4} = {B80D4802-537D-499E-B61B-A2F4004A3839}
		{639A7D94-B2EF-4EFA-96D2-AA01B16341CE} = {8E529CD1-ED9F-41C0-8F1A-1BFE655B4387}
		{C05A2312-BCFC-487F-979C-AB5107B387F8} = {61C4C15E-4331-46BB-8A47-29E105B1899F}
		{8C49F4D2-DA95-4CBB-BE90-91BA6C689C21} = {09274445-29D5-4B65-94AD-96EC2C827BAC}
		{B120CAF7-B49D-45B2-937E-518EE7AB5041} = {C05A2312-BCFC-487F-979C-AB5107B387F8}
		{AA7E79EF-40EA-4BA5-9936-053332C8EC13} = {36267E6B-AF65-43A7-9DED-B9985345039D}
		{1EE19F20-119C-4815-81B2-BCE57FF8F0D7} = {23FACB30-143F-4BC0-9A6C-1D1384B886A2}
		{73129026-4CC3-4DA7-BFCA-877C05A99DFB} = {2D25AE5A-3C85-4A6E-8CE3-11E3E65F4128}
		{A4496423-A91E-4B73-94DD-B9A3C3A70584} = {8C1C7D8F-6026-4158-B05C-EA1BA5A1ADF4}
		{A7F090F6-D3D0-4BD5-91CB-751B9D0BE14B} = {27F982D4-D90C-4C70-8A63-457850A0000B}
		{3E38F5AC-407A-4306-9EA0-DC7A73557233} = {27F982D4-D90C-4C70-8A63-457850A0000B}
		{62A426CC-76E4-4C0F-98CF-B295FA3DB9D5} = {3E38F5AC-407A-4306-9EA0-DC7A73557233}
		{3F8A8724-EAFC-4906-9365-584B7E9C155D} = {B8355037-D40A-4D00-BB8A-8E4BAA5C08CB}
		{70557A5D-40DE-4C47-A232-3CC28178469C} = {B8355037-D40A-4D00-BB8A-8E4BAA5C08CB}
		{F89C5881-A0E4-4F29-8F46-56F662EAA4C8} = {B8355037-D40A-4D00-BB8A-8E4BAA5C08CB}
		{ED8B08C1-303C-477B-AFF2-67518CD0FA30} = {B8355037-D40A-4D00-BB8A-8E4BAA5C08CB}
		{2BF3BCDB-DF92-44D0-875E-2148D39C2F8B} = {A7F090F6-D3D0-4BD5-91CB-751B9D0BE14B}
		{E1447566-52FF-4787-869A-53C2D8D047DC} = {2BF3BCDB-DF92-44D0-875E-2148D39C2F8B}
		{9BEBFBED-6144-4C74-8FFD-392B9C511AF1} = {A31DDF1D-C18E-4943-8FAB-BCD2849477B7}
		{249BEA25-70A9-41E8-965B-20EDEC23825A} = {9BEBFBED-6144-4C74-8FFD-392B9C511AF1}
		{D365196F-2DA1-4C79-8383-B4BC3760BEE8} = {A31DDF1D-C18E-4943-8FAB-BCD2849477B7}
		{10F6BCC9-CE18-4F06-B1F3-DEF3F58BF93D} = {D365196F-2DA1-4C79-8383-B4BC3760BEE8}
		{6C65774E-5B2B-4AD5-97A6-226FD67F0782} = {A31DDF1D-C18E-4943-8FAB-BCD2849477B7}
		{F4D8D02C-08FF-45ED-B7D6-4EE7A6028912} = {6C65774E-5B2B-4AD5-97A6-226FD67F0782}
		{64B3B7A9-A0A9-4C2E-B693-AA78D980386D} = {A31DDF1D-C18E-4943-8FAB-BCD2849477B7}
		{968932DE-5C28-400C-9FCE-9107BB05FC7C} = {64B3B7A9-A0A9-4C2E-B693-AA78D980386D}
	EndGlobalSection
	GlobalSection(ExtensibilityGlobals) = postSolution
		SolutionGuid = {16637C21-7203-4CE8-8C9D-7466EFB79170}
	EndGlobalSection
EndGlobal
